
Microsoft Visual Studio Solution File, Format Version 12.00
# Visual Studio Version 16
VisualStudioVersion = 16.6.30114.105
MinimumVisualStudioVersion = 10.0.40219.1
Project("{2150E333-8FDC-42A3-9474-1A3956D46DE8}") = "tests", "tests", "{44A9BC8C-C7EB-44EB-BF79-B927EFDFF7E4}"
EndProject
Project("{2150E333-8FDC-42A3-9474-1A3956D46DE8}") = "src", "src", "{CABF5BE3-1245-4F0F-85ED-F153F4A1A4CF}"
EndProject
Project("{FAE04EC0-301F-11D3-BF4B-00C04F79EFBC}") = "Calculator", "src\Calculator\Calculator.csproj", "{4B91BB31-5107-4DA8-8638-55613FC6AE02}"
EndProject
Project("{FAE04EC0-301F-11D3-BF4B-00C04F79EFBC}") = "Calculator.Context", "src\Calculator.Context\Calculator.Context.csproj", "{E0CD02CC-9855-4905-A077-69A39AF2671C}"
EndProject
Project("{FAE04EC0-301F-11D3-BF4B-00C04F79EFBC}") = "Calculator.LinqLike", "src\Calculator.LinqLike\Calculator.LinqLike.csproj", "{550DFF78-A578-47E1-8AFD-E5556CF4580D}"
EndProject
Project("{FAE04EC0-301F-11D3-BF4B-00C04F79EFBC}") = "Calculator.OneClassPerOperator", "src\Calculator.OneClassPerOperator\Calculator.OneClassPerOperator.csproj", "{7337887B-729E-49BC-A315-67662C6ECDD9}"
EndProject
Project("{FAE04EC0-301F-11D3-BF4B-00C04F79EFBC}") = "Calculator.RxLike", "src\Calculator.RxLike\Calculator.RxLike.csproj", "{C0BF7CC0-A5CC-4B90-B2F2-0A35DD743ED0}"
EndProject
Project("{FAE04EC0-301F-11D3-BF4B-00C04F79EFBC}") = "Calculator.Fluent.Tests", "tests\Calculator.Fluent.Tests\Calculator.Fluent.Tests.csproj", "{C723CA8C-9EB0-40E3-BA9E-E0B11D30A73E}"
EndProject
Global
	GlobalSection(SolutionConfigurationPlatforms) = preSolution
		Debug|Any CPU = Debug|Any CPU
		Debug|x64 = Debug|x64
		Debug|x86 = Debug|x86
		Release|Any CPU = Release|Any CPU
		Release|x64 = Release|x64
		Release|x86 = Release|x86
	EndGlobalSection
	GlobalSection(SolutionProperties) = preSolution
		HideSolutionNode = FALSE
	EndGlobalSection
	GlobalSection(ProjectConfigurationPlatforms) = postSolution
		{4B91BB31-5107-4DA8-8638-55613FC6AE02}.Debug|Any CPU.ActiveCfg = Debug|Any CPU
		{4B91BB31-5107-4DA8-8638-55613FC6AE02}.Debug|Any CPU.Build.0 = Debug|Any CPU
		{4B91BB31-5107-4DA8-8638-55613FC6AE02}.Debug|x64.ActiveCfg = Debug|Any CPU
		{4B91BB31-5107-4DA8-8638-55613FC6AE02}.Debug|x64.Build.0 = Debug|Any CPU
		{4B91BB31-5107-4DA8-8638-55613FC6AE02}.Debug|x86.ActiveCfg = Debug|Any CPU
		{4B91BB31-5107-4DA8-8638-55613FC6AE02}.Debug|x86.Build.0 = Debug|Any CPU
		{4B91BB31-5107-4DA8-8638-55613FC6AE02}.Release|Any CPU.ActiveCfg = Release|Any CPU
		{4B91BB31-5107-4DA8-8638-55613FC6AE02}.Release|Any CPU.Build.0 = Release|Any CPU
		{4B91BB31-5107-4DA8-8638-55613FC6AE02}.Release|x64.ActiveCfg = Release|Any CPU
		{4B91BB31-5107-4DA8-8638-55613FC6AE02}.Release|x64.Build.0 = Release|Any CPU
		{4B91BB31-5107-4DA8-8638-55613FC6AE02}.Release|x86.ActiveCfg = Release|Any CPU
		{4B91BB31-5107-4DA8-8638-55613FC6AE02}.Release|x86.Build.0 = Release|Any CPU
		{E0CD02CC-9855-4905-A077-69A39AF2671C}.Debug|Any CPU.ActiveCfg = Debug|Any CPU
		{E0CD02CC-9855-4905-A077-69A39AF2671C}.Debug|Any CPU.Build.0 = Debug|Any CPU
		{E0CD02CC-9855-4905-A077-69A39AF2671C}.Debug|x64.ActiveCfg = Debug|Any CPU
		{E0CD02CC-9855-4905-A077-69A39AF2671C}.Debug|x64.Build.0 = Debug|Any CPU
		{E0CD02CC-9855-4905-A077-69A39AF2671C}.Debug|x86.ActiveCfg = Debug|Any CPU
		{E0CD02CC-9855-4905-A077-69A39AF2671C}.Debug|x86.Build.0 = Debug|Any CPU
		{E0CD02CC-9855-4905-A077-69A39AF2671C}.Release|Any CPU.ActiveCfg = Release|Any CPU
		{E0CD02CC-9855-4905-A077-69A39AF2671C}.Release|Any CPU.Build.0 = Release|Any CPU
		{E0CD02CC-9855-4905-A077-69A39AF2671C}.Release|x64.ActiveCfg = Release|Any CPU
		{E0CD02CC-9855-4905-A077-69A39AF2671C}.Release|x64.Build.0 = Release|Any CPU
		{E0CD02CC-9855-4905-A077-69A39AF2671C}.Release|x86.ActiveCfg = Release|Any CPU
		{E0CD02CC-9855-4905-A077-69A39AF2671C}.Release|x86.Build.0 = Release|Any CPU
		{550DFF78-A578-47E1-8AFD-E5556CF4580D}.Debug|Any CPU.ActiveCfg = Debug|Any CPU
		{550DFF78-A578-47E1-8AFD-E5556CF4580D}.Debug|Any CPU.Build.0 = Debug|Any CPU
		{550DFF78-A578-47E1-8AFD-E5556CF4580D}.Debug|x64.ActiveCfg = Debug|Any CPU
		{550DFF78-A578-47E1-8AFD-E5556CF4580D}.Debug|x64.Build.0 = Debug|Any CPU
		{550DFF78-A578-47E1-8AFD-E5556CF4580D}.Debug|x86.ActiveCfg = Debug|Any CPU
		{550DFF78-A578-47E1-8AFD-E5556CF4580D}.Debug|x86.Build.0 = Debug|Any CPU
		{550DFF78-A578-47E1-8AFD-E5556CF4580D}.Release|Any CPU.ActiveCfg = Release|Any CPU
		{550DFF78-A578-47E1-8AFD-E5556CF4580D}.Release|Any CPU.Build.0 = Release|Any CPU
		{550DFF78-A578-47E1-8AFD-E5556CF4580D}.Release|x64.ActiveCfg = Release|Any CPU
		{550DFF78-A578-47E1-8AFD-E5556CF4580D}.Release|x64.Build.0 = Release|Any CPU
		{550DFF78-A578-47E1-8AFD-E5556CF4580D}.Release|x86.ActiveCfg = Release|Any CPU
		{550DFF78-A578-47E1-8AFD-E5556CF4580D}.Release|x86.Build.0 = Release|Any CPU
		{7337887B-729E-49BC-A315-67662C6ECDD9}.Debug|Any CPU.ActiveCfg = Debug|Any CPU
		{7337887B-729E-49BC-A315-67662C6ECDD9}.Debug|Any CPU.Build.0 = Debug|Any CPU
		{7337887B-729E-49BC-A315-67662C6ECDD9}.Debug|x64.ActiveCfg = Debug|Any CPU
		{7337887B-729E-49BC-A315-67662C6ECDD9}.Debug|x64.Build.0 = Debug|Any CPU
		{7337887B-729E-49BC-A315-67662C6ECDD9}.Debug|x86.ActiveCfg = Debug|Any CPU
		{7337887B-729E-49BC-A315-67662C6ECDD9}.Debug|x86.Build.0 = Debug|Any CPU
		{7337887B-729E-49BC-A315-67662C6ECDD9}.Release|Any CPU.ActiveCfg = Release|Any CPU
		{7337887B-729E-49BC-A315-67662C6ECDD9}.Release|Any CPU.Build.0 = Release|Any CPU
		{7337887B-729E-49BC-A315-67662C6ECDD9}.Release|x64.ActiveCfg = Release|Any CPU
		{7337887B-729E-49BC-A315-67662C6ECDD9}.Release|x64.Build.0 = Release|Any CPU
		{7337887B-729E-49BC-A315-67662C6ECDD9}.Release|x86.ActiveCfg = Release|Any CPU
		{7337887B-729E-49BC-A315-67662C6ECDD9}.Release|x86.Build.0 = Release|Any CPU
		{C0BF7CC0-A5CC-4B90-B2F2-0A35DD743ED0}.Debug|Any CPU.ActiveCfg = Debug|Any CPU
		{C0BF7CC0-A5CC-4B90-B2F2-0A35DD743ED0}.Debug|Any CPU.Build.0 = Debug|Any CPU
		{C0BF7CC0-A5CC-4B90-B2F2-0A35DD743ED0}.Debug|x64.ActiveCfg = Debug|Any CPU
		{C0BF7CC0-A5CC-4B90-B2F2-0A35DD743ED0}.Debug|x64.Build.0 = Debug|Any CPU
		{C0BF7CC0-A5CC-4B90-B2F2-0A35DD743ED0}.Debug|x86.ActiveCfg = Debug|Any CPU
		{C0BF7CC0-A5CC-4B90-B2F2-0A35DD743ED0}.Debug|x86.Build.0 = Debug|Any CPU
		{C0BF7CC0-A5CC-4B90-B2F2-0A35DD743ED0}.Release|Any CPU.ActiveCfg = Release|Any CPU
		{C0BF7CC0-A5CC-4B90-B2F2-0A35DD743ED0}.Release|Any CPU.Build.0 = Release|Any CPU
		{C0BF7CC0-A5CC-4B90-B2F2-0A35DD743ED0}.Release|x64.ActiveCfg = Release|Any CPU
		{C0BF7CC0-A5CC-4B90-B2F2-0A35DD743ED0}.Release|x64.Build.0 = Release|Any CPU
		{C0BF7CC0-A5CC-4B90-B2F2-0A35DD743ED0}.Release|x86.ActiveCfg = Release|Any CPU
		{C0BF7CC0-A5CC-4B90-B2F2-0A35DD743ED0}.Release|x86.Build.0 = Release|Any CPU
		{C723CA8C-9EB0-40E3-BA9E-E0B11D30A73E}.Debug|Any CPU.ActiveCfg = Debug|Any CPU
		{C723CA8C-9EB0-40E3-BA9E-E0B11D30A73E}.Debug|Any CPU.Build.0 = Debug|Any CPU
		{C723CA8C-9EB0-40E3-BA9E-E0B11D30A73E}.Debug|x64.ActiveCfg = Debug|Any CPU
		{C723CA8C-9EB0-40E3-BA9E-E0B11D30A73E}.Debug|x64.Build.0 = Debug|Any CPU
		{C723CA8C-9EB0-40E3-BA9E-E0B11D30A73E}.Debug|x86.ActiveCfg = Debug|Any CPU
		{C723CA8C-9EB0-40E3-BA9E-E0B11D30A73E}.Debug|x86.Build.0 = Debug|Any CPU
		{C723CA8C-9EB0-40E3-BA9E-E0B11D30A73E}.Release|Any CPU.ActiveCfg = Release|Any CPU
		{C723CA8C-9EB0-40E3-BA9E-E0B11D30A73E}.Release|Any CPU.Build.0 = Release|Any CPU
		{C723CA8C-9EB0-40E3-BA9E-E0B11D30A73E}.Release|x64.ActiveCfg = Release|Any CPU
		{C723CA8C-9EB0-40E3-BA9E-E0B11D30A73E}.Release|x64.Build.0 = Release|Any CPU
		{C723CA8C-9EB0-40E3-BA9E-E0B11D30A73E}.Release|x86.ActiveCfg = Release|Any CPU
		{C723CA8C-9EB0-40E3-BA9E-E0B11D30A73E}.Release|x86.Build.0 = Release|Any CPU
	EndGlobalSection
	GlobalSection(NestedProjects) = preSolution
		{4B91BB31-5107-4DA8-8638-55613FC6AE02} = {CABF5BE3-1245-4F0F-85ED-F153F4A1A4CF}
		{E0CD02CC-9855-4905-A077-69A39AF2671C} = {CABF5BE3-1245-4F0F-85ED-F153F4A1A4CF}
		{550DFF78-A578-47E1-8AFD-E5556CF4580D} = {CABF5BE3-1245-4F0F-85ED-F153F4A1A4CF}
		{7337887B-729E-49BC-A315-67662C6ECDD9} = {CABF5BE3-1245-4F0F-85ED-F153F4A1A4CF}
		{C0BF7CC0-A5CC-4B90-B2F2-0A35DD743ED0} = {CABF5BE3-1245-4F0F-85ED-F153F4A1A4CF}
		{C723CA8C-9EB0-40E3-BA9E-E0B11D30A73E} = {44A9BC8C-C7EB-44EB-BF79-B927EFDFF7E4}
	EndGlobalSection
EndGlobal
